
Microsoft Visual Studio Solution File, Format Version 12.00
# Visual Studio Version 17
VisualStudioVersion = 17.5.001.0
MinimumVisualStudioVersion = 10.0.40219.1
Project("{9A19103F-16F7-4668-BE54-9A1E7A4F7556}") = "Todo", "Todo.csproj", "{568B2CAF-20B6-44C1-8FEE-76CFEC613229}"
EndProject
Global
	GlobalSection(SolutionConfigurationPlatforms) = preSolution
		Debug|Any CPU = Debug|Any CPU
		Release|Any CPU = Release|Any CPU
	EndGlobalSection
	GlobalSection(ProjectConfigurationPlatforms) = postSolution
		{568B2CAF-20B6-44C1-8FEE-76CFEC613229}.Debug|Any CPU.ActiveCfg = Debug|Any CPU
		{568B2CAF-20B6-44C1-8FEE-76CFEC613229}.Debug|Any CPU.Build.0 = Debug|Any CPU
		{568B2CAF-20B6-44C1-8FEE-76CFEC613229}.Release|Any CPU.ActiveCfg = Release|Any CPU
		{568B2CAF-20B6-44C1-8FEE-76CFEC613229}.Release|Any CPU.Build.0 = Release|Any CPU
	EndGlobalSection
	GlobalSection(SolutionProperties) = preSolution
		HideSolutionNode = FALSE
	EndGlobalSection
	GlobalSection(ExtensibilityGlobals) = postSolution
		SolutionGuid = {CE5897F3-76DF-415F-903B-DA314693A3F9}
	EndGlobalSection
EndGlobal
